
Microsoft Visual Studio Solution File, Format Version 12.00
# Visual Studio Version 17
VisualStudioVersion = 17.10.34916.146
MinimumVisualStudioVersion = 10.0.40219.1
Project("{9A19103F-16F7-4668-BE54-9A1E7A4F7556}") = "DataAccess", "DataAccess\DataAccess.csproj", "{90AAE9F5-C3F8-4582-81E0-B5303E8310F3}"
EndProject
Project("{9A19103F-16F7-4668-BE54-9A1E7A4F7556}") = "BusinessLayer", "BusinessLayer\BusinessLayer.csproj", "{E5CBA912-1BA0-4B58-BBDB-5A5813047B6F}"
EndProject
Project("{2150E333-8FDC-42A3-9474-1A3956D46DE8}") = "Presentation Layer", "Presentation Layer", "{716CB210-C8C6-48F1-9CEC-AA1C6F8B13B0}"
EndProject
Project("{2150E333-8FDC-42A3-9474-1A3956D46DE8}") = "Data Layer", "Data Layer", "{C62C1BAA-6967-4245-8294-80AD591EE219}"
EndProject
Project("{2150E333-8FDC-42A3-9474-1A3956D46DE8}") = "Business Layer", "Business Layer", "{15B73BE1-E252-42AE-845D-9C9CBFBD513E}"
EndProject
Project("{FAE04EC0-301F-11D3-BF4B-00C04F79EFBC}") = "AirConditionerShop_DangBaVan", "AirConditionerShop_DangBaVan\AirConditionerShop_DangBaVan.csproj", "{5647EC09-90B0-487E-A1B6-59F10BAFEE1E}"
EndProject
Global
	GlobalSection(SolutionConfigurationPlatforms) = preSolution
		Debug|Any CPU = Debug|Any CPU
		Release|Any CPU = Release|Any CPU
	EndGlobalSection
	GlobalSection(ProjectConfigurationPlatforms) = postSolution
		{90AAE9F5-C3F8-4582-81E0-B5303E8310F3}.Debug|Any CPU.ActiveCfg = Debug|Any CPU
		{90AAE9F5-C3F8-4582-81E0-B5303E8310F3}.Debug|Any CPU.Build.0 = Debug|Any CPU
		{90AAE9F5-C3F8-4582-81E0-B5303E8310F3}.Release|Any CPU.ActiveCfg = Release|Any CPU
		{90AAE9F5-C3F8-4582-81E0-B5303E8310F3}.Release|Any CPU.Build.0 = Release|Any CPU
		{E5CBA912-1BA0-4B58-BBDB-5A5813047B6F}.Debug|Any CPU.ActiveCfg = Debug|Any CPU
		{E5CBA912-1BA0-4B58-BBDB-5A5813047B6F}.Debug|Any CPU.Build.0 = Debug|Any CPU
		{E5CBA912-1BA0-4B58-BBDB-5A5813047B6F}.Release|Any CPU.ActiveCfg = Release|Any CPU
		{E5CBA912-1BA0-4B58-BBDB-5A5813047B6F}.Release|Any CPU.Build.0 = Release|Any CPU
		{5647EC09-90B0-487E-A1B6-59F10BAFEE1E}.Debug|Any CPU.ActiveCfg = Debug|Any CPU
		{5647EC09-90B0-487E-A1B6-59F10BAFEE1E}.Debug|Any CPU.Build.0 = Debug|Any CPU
		{5647EC09-90B0-487E-A1B6-59F10BAFEE1E}.Release|Any CPU.ActiveCfg = Release|Any CPU
		{5647EC09-90B0-487E-A1B6-59F10BAFEE1E}.Release|Any CPU.Build.0 = Release|Any CPU
	EndGlobalSection
	GlobalSection(SolutionProperties) = preSolution
		HideSolutionNode = FALSE
	EndGlobalSection
	GlobalSection(NestedProjects) = preSolution
		{90AAE9F5-C3F8-4582-81E0-B5303E8310F3} = {C62C1BAA-6967-4245-8294-80AD591EE219}
		{E5CBA912-1BA0-4B58-BBDB-5A5813047B6F} = {15B73BE1-E252-42AE-845D-9C9CBFBD513E}
		{5647EC09-90B0-487E-A1B6-59F10BAFEE1E} = {716CB210-C8C6-48F1-9CEC-AA1C6F8B13B0}
	EndGlobalSection
	GlobalSection(ExtensibilityGlobals) = postSolution
		SolutionGuid = {DF418B7E-CF4B-4AD9-B454-39D308BCFAB0}
	EndGlobalSection
EndGlobal
